# This file is autogenerated, do not edit; changes may be undone by the next 'dep ensure'.


[[projects]]
  branch = "master"
  name = "golang.org/x/tools"
  packages = [
    "go/ast/astutil",
    "go/buildutil",
    "go/loader"
  ]
  revision = "1c99e1239a0c8b0e59c34000995c4e319b7702ca"

[solve-meta]
  analyzer-name = "dep"
  analyzer-version = 1
  inputs-digest = "628c4b93d08dbcaf89edda48b0e991f0b748c4161bc7e91643de8547ceb70896"
  solver-name = "gps-cdcl"
  solver-version = 1
